
Microsoft Visual Studio Solution File, Format Version 12.00
# Visual Studio Version 17
VisualStudioVersion = 17.9.34701.34
MinimumVisualStudioVersion = 10.0.40219.1
Project("{9A19103F-16F7-4668-BE54-9A1E7A4F7556}") = "BattleCatsEntityFramework", "BattleCatsEntityFramework\BattleCatsEntityFramework.csproj", "{99C75424-8A25-413D-B4A6-6F02D4DE1886}"
EndProject
Project("{FAE04EC0-301F-11D3-BF4B-00C04F79EFBC}") = "BattleCatsTUI", "..\BattleCatsTUI\BattleCatsTUI.csproj", "{B5D5A57E-52D8-4F60-96DC-52EE3E648FC7}"
EndProject
Global
	GlobalSection(SolutionConfigurationPlatforms) = preSolution
		Debug|Any CPU = Debug|Any CPU
		Release|Any CPU = Release|Any CPU
	EndGlobalSection
	GlobalSection(ProjectConfigurationPlatforms) = postSolution
		{99C75424-8A25-413D-B4A6-6F02D4DE1886}.Debug|Any CPU.ActiveCfg = Debug|Any CPU
		{99C75424-8A25-413D-B4A6-6F02D4DE1886}.Debug|Any CPU.Build.0 = Debug|Any CPU
		{99C75424-8A25-413D-B4A6-6F02D4DE1886}.Release|Any CPU.ActiveCfg = Release|Any CPU
		{99C75424-8A25-413D-B4A6-6F02D4DE1886}.Release|Any CPU.Build.0 = Release|Any CPU
		{B5D5A57E-52D8-4F60-96DC-52EE3E648FC7}.Debug|Any CPU.ActiveCfg = Debug|Any CPU
		{B5D5A57E-52D8-4F60-96DC-52EE3E648FC7}.Debug|Any CPU.Build.0 = Debug|Any CPU
		{B5D5A57E-52D8-4F60-96DC-52EE3E648FC7}.Release|Any CPU.ActiveCfg = Release|Any CPU
		{B5D5A57E-52D8-4F60-96DC-52EE3E648FC7}.Release|Any CPU.Build.0 = Release|Any CPU
	EndGlobalSection
	GlobalSection(SolutionProperties) = preSolution
		HideSolutionNode = FALSE
	EndGlobalSection
	GlobalSection(ExtensibilityGlobals) = postSolution
		SolutionGuid = {6FFCDF57-1AD2-4AEE-9849-0C4E55B1FBC7}
	EndGlobalSection
EndGlobal
